
Microsoft Visual Studio Solution File, Format Version 12.00
# Visual Studio 15
VisualStudioVersion = 15.0.27703.2047
MinimumVisualStudioVersion = 10.0.40219.1
Project("{FAE04EC0-301F-11D3-BF4B-00C04F79EFBC}") = "totp", "totp\totp.csproj", "{A7E13139-1140-43E1-880B-1F0FB9B8FC71}"
EndProject
Global
	GlobalSection(SolutionConfigurationPlatforms) = preSolution
		Debug|Any CPU = Debug|Any CPU
		Release|Any CPU = Release|Any CPU
	EndGlobalSection
	GlobalSection(ProjectConfigurationPlatforms) = postSolution
		{A7E13139-1140-43E1-880B-1F0FB9B8FC71}.Debug|Any CPU.ActiveCfg = Debug|Any CPU
		{A7E13139-1140-43E1-880B-1F0FB9B8FC71}.Debug|Any CPU.Build.0 = Debug|Any CPU
		{A7E13139-1140-43E1-880B-1F0FB9B8FC71}.Release|Any CPU.ActiveCfg = Release|Any CPU
		{A7E13139-1140-43E1-880B-1F0FB9B8FC71}.Release|Any CPU.Build.0 = Release|Any CPU
	EndGlobalSection
	GlobalSection(SolutionProperties) = preSolution
		HideSolutionNode = FALSE
	EndGlobalSection
	GlobalSection(ExtensibilityGlobals) = postSolution
		SolutionGuid = {A4BCB4F2-AF60-4508-B55A-F21162BD1CF3}
	EndGlobalSection
EndGlobal
